{
  "name": "module_test",
  "lockfileVersion": 3,
  "requires": true,
  "packages": {
    "": {
      "name": "module_test",
      "workspaces": [
        "packages/*"
      ]
    },
    "node_modules/module1": {
      "resolved": "packages/module1",
      "link": true
    },
    "node_modules/module2": {
      "resolved": "packages/module2",
      "link": true
    },
    "node_modules/module3": {
      "resolved": "packages/module3",
      "link": true
    },
    "node_modules/typescript": {
      "version": "5.4.5",
      "resolved": "https://registry.npmjs.org/typescript/-/typescript-5.4.5.tgz",
      "integrity": "sha512-vcI4UpRgg81oIRUFwR0WSIHKt11nJ7SAVlYNIu+QpqeyXP+gpQJy/Z4+F0aGxSE4MqwjyXvW/TzgkLAx2AGHwQ==",
      "dev": true,
      "bin": {
        "tsc": "bin/tsc",
        "tsserver": "bin/tsserver"
      },
      "engines": {
        "node": ">=14.17"
      }
    },
    "node_modules/typescript_module": {
      "resolved": "packages/typescript_module",
      "link": true
    },
    "node_modules/typescript_module2": {
      "resolved": "packages/typescript_module2",
      "link": true
    },
    "node_modules/typescript_module3": {
      "resolved": "packages/typescript_module3",
      "link": true
    },
    "packages/module_commonjs": {
      "extraneous": true
    },
    "packages/module1": {},
    "packages/module2": {},
    "packages/module3": {},
    "packages/typescript_module": {
      "devDependencies": {
        "typescript": "^5.4.5"
      }
    },
    "packages/typescript_module2": {
      "devDependencies": {
        "typescript": "^5.4.5"
      }
    },
    "packages/typescript_module3": {
      "devDependencies": {
        "typescript": "^5.4.5"
      }
    }
  }
}
